
Microsoft Visual Studio Solution File, Format Version 12.00
# Visual Studio Version 17
VisualStudioVersion = 17.0.31903.59
MinimumVisualStudioVersion = 10.0.40219.1
Project("{2150E333-8FDC-42A3-9474-1A3956D46DE8}") = "test", "test", "{0C88DD14-F956-CE84-757C-A364CCF449FC}"
EndProject
Project("{FAE04EC0-301F-11D3-BF4B-00C04F79EFBC}") = "AecoPostMortem.Containment.Tests", "test\AecoPostMortem.Containment.Tests\AecoPostMortem.Containment.Tests.csproj", "{AE8A04EE-43D2-4E02-B949-99F7986F060E}"
EndProject
Project("{2150E333-8FDC-42A3-9474-1A3956D46DE8}") = "src", "src", "{827E0CD3-B72D-47B6-A68D-7590B98EB39B}"
EndProject
Project("{FAE04EC0-301F-11D3-BF4B-00C04F79EFBC}") = "AecoPostMortem.Data", "src\AecoPostMortem.Data\AecoPostMortem.Data.csproj", "{B9D8B64A-3D8F-4D92-B799-6D77C75F49F6}"
EndProject
Project("{FAE04EC0-301F-11D3-BF4B-00C04F79EFBC}") = "AecoPostMortem.Ingestion", "src\AecoPostMortem.Ingestion\AecoPostMortem.Ingestion.csproj", "{6FB07EDC-7FBA-457F-B2BE-E99022855C92}"
EndProject
Project("{FAE04EC0-301F-11D3-BF4B-00C04F79EFBC}") = "AecoPostMortem.Rules", "src\AecoPostMortem.Rules\AecoPostMortem.Rules.csproj", "{E0A41994-0E22-4D66-8224-E5F3E69084F9}"
EndProject
Project("{FAE04EC0-301F-11D3-BF4B-00C04F79EFBC}") = "AecoPostMortem.Findings", "src\AecoPostMortem.Findings\AecoPostMortem.Findings.csproj", "{D5E5AA36-A2F2-4A6B-B8BF-85CC7222870E}"
EndProject
Project("{FAE04EC0-301F-11D3-BF4B-00C04F79EFBC}") = "AecoPostMortem.Api", "src\AecoPostMortem.Api\AecoPostMortem.Api.csproj", "{827BAC68-83F1-407B-BD8C-48A64292734C}"
EndProject
Project("{FAE04EC0-301F-11D3-BF4B-00C04F79EFBC}") = "AecoPostMortem.Cli", "src\AecoPostMortem.Cli\AecoPostMortem.Cli.csproj", "{C4C2D067-F686-4018-B531-90963A1646E7}"
EndProject
Project("{FAE04EC0-301F-11D3-BF4B-00C04F79EFBC}") = "AecoPostMortem.Data.Tests", "test\AecoPostMortem.Data.Tests\AecoPostMortem.Data.Tests.csproj", "{3277B7B9-56E6-471B-966A-4C05A115FBC8}"
EndProject
Project("{FAE04EC0-301F-11D3-BF4B-00C04F79EFBC}") = "AecoPostMortem.Ingestion.Tests", "test\AecoPostMortem.Ingestion.Tests\AecoPostMortem.Ingestion.Tests.csproj", "{6368F937-735F-4FF6-8452-13F878CAD2C2}"
EndProject
Project("{FAE04EC0-301F-11D3-BF4B-00C04F79EFBC}") = "AecoPostMortem.Rules.Tests", "test\AecoPostMortem.Rules.Tests\AecoPostMortem.Rules.Tests.csproj", "{21E89BC5-9A9A-4C4A-B0E7-F8A8F74B3A85}"
EndProject
Project("{FAE04EC0-301F-11D3-BF4B-00C04F79EFBC}") = "AecoPostMortem.Findings.Tests", "test\AecoPostMortem.Findings.Tests\AecoPostMortem.Findings.Tests.csproj", "{924F606D-71F1-45D8-9782-9839A02AA542}"
EndProject
Project("{FAE04EC0-301F-11D3-BF4B-00C04F79EFBC}") = "AecoPostMortem.Api.Tests", "test\AecoPostMortem.Api.Tests\AecoPostMortem.Api.Tests.csproj", "{999BB745-1244-4C61-BAEA-ADB23CBE633D}"
EndProject
Project("{FAE04EC0-301F-11D3-BF4B-00C04F79EFBC}") = "AecoPostMortem.Cli.Tests", "test\AecoPostMortem.Cli.Tests\AecoPostMortem.Cli.Tests.csproj", "{3C041FD8-D75C-498F-92E6-0816A662FB11}"
EndProject
Global
	GlobalSection(SolutionConfigurationPlatforms) = preSolution
		Debug|Any CPU = Debug|Any CPU
		Debug|x64 = Debug|x64
		Debug|x86 = Debug|x86
		Release|Any CPU = Release|Any CPU
		Release|x64 = Release|x64
		Release|x86 = Release|x86
	EndGlobalSection
	GlobalSection(ProjectConfigurationPlatforms) = postSolution
		{AE8A04EE-43D2-4E02-B949-99F7986F060E}.Debug|Any CPU.ActiveCfg = Debug|Any CPU
		{AE8A04EE-43D2-4E02-B949-99F7986F060E}.Debug|Any CPU.Build.0 = Debug|Any CPU
		{AE8A04EE-43D2-4E02-B949-99F7986F060E}.Debug|x64.ActiveCfg = Debug|Any CPU
		{AE8A04EE-43D2-4E02-B949-99F7986F060E}.Debug|x64.Build.0 = Debug|Any CPU
		{AE8A04EE-43D2-4E02-B949-99F7986F060E}.Debug|x86.ActiveCfg = Debug|Any CPU
		{AE8A04EE-43D2-4E02-B949-99F7986F060E}.Debug|x86.Build.0 = Debug|Any CPU
		{AE8A04EE-43D2-4E02-B949-99F7986F060E}.Release|Any CPU.ActiveCfg = Release|Any CPU
		{AE8A04EE-43D2-4E02-B949-99F7986F060E}.Release|Any CPU.Build.0 = Release|Any CPU
		{AE8A04EE-43D2-4E02-B949-99F7986F060E}.Release|x64.ActiveCfg = Release|Any CPU
		{AE8A04EE-43D2-4E02-B949-99F7986F060E}.Release|x64.Build.0 = Release|Any CPU
		{AE8A04EE-43D2-4E02-B949-99F7986F060E}.Release|x86.ActiveCfg = Release|Any CPU
		{AE8A04EE-43D2-4E02-B949-99F7986F060E}.Release|x86.Build.0 = Release|Any CPU
		{B9D8B64A-3D8F-4D92-B799-6D77C75F49F6}.Debug|Any CPU.ActiveCfg = Debug|Any CPU
		{B9D8B64A-3D8F-4D92-B799-6D77C75F49F6}.Debug|Any CPU.Build.0 = Debug|Any CPU
		{B9D8B64A-3D8F-4D92-B799-6D77C75F49F6}.Debug|x64.ActiveCfg = Debug|Any CPU
		{B9D8B64A-3D8F-4D92-B799-6D77C75F49F6}.Debug|x64.Build.0 = Debug|Any CPU
		{B9D8B64A-3D8F-4D92-B799-6D77C75F49F6}.Debug|x86.ActiveCfg = Debug|Any CPU
		{B9D8B64A-3D8F-4D92-B799-6D77C75F49F6}.Debug|x86.Build.0 = Debug|Any CPU
		{B9D8B64A-3D8F-4D92-B799-6D77C75F49F6}.Release|Any CPU.ActiveCfg = Release|Any CPU
		{B9D8B64A-3D8F-4D92-B799-6D77C75F49F6}.Release|Any CPU.Build.0 = Release|Any CPU
		{B9D8B64A-3D8F-4D92-B799-6D77C75F49F6}.Release|x64.ActiveCfg = Release|Any CPU
		{B9D8B64A-3D8F-4D92-B799-6D77C75F49F6}.Release|x64.Build.0 = Release|Any CPU
		{B9D8B64A-3D8F-4D92-B799-6D77C75F49F6}.Release|x86.ActiveCfg = Release|Any CPU
		{B9D8B64A-3D8F-4D92-B799-6D77C75F49F6}.Release|x86.Build.0 = Release|Any CPU
		{6FB07EDC-7FBA-457F-B2BE-E99022855C92}.Debug|Any CPU.ActiveCfg = Debug|Any CPU
		{6FB07EDC-7FBA-457F-B2BE-E99022855C92}.Debug|Any CPU.Build.0 = Debug|Any CPU
		{6FB07EDC-7FBA-457F-B2BE-E99022855C92}.Debug|x64.ActiveCfg = Debug|Any CPU
		{6FB07EDC-7FBA-457F-B2BE-E99022855C92}.Debug|x64.Build.0 = Debug|Any CPU
		{6FB07EDC-7FBA-457F-B2BE-E99022855C92}.Debug|x86.ActiveCfg = Debug|Any CPU
		{6FB07EDC-7FBA-457F-B2BE-E99022855C92}.Debug|x86.Build.0 = Debug|Any CPU
		{6FB07EDC-7FBA-457F-B2BE-E99022855C92}.Release|Any CPU.ActiveCfg = Release|Any CPU
		{6FB07EDC-7FBA-457F-B2BE-E99022855C92}.Release|Any CPU.Build.0 = Release|Any CPU
		{6FB07EDC-7FBA-457F-B2BE-E99022855C92}.Release|x64.ActiveCfg = Release|Any CPU
		{6FB07EDC-7FBA-457F-B2BE-E99022855C92}.Release|x64.Build.0 = Release|Any CPU
		{6FB07EDC-7FBA-457F-B2BE-E99022855C92}.Release|x86.ActiveCfg = Release|Any CPU
		{6FB07EDC-7FBA-457F-B2BE-E99022855C92}.Release|x86.Build.0 = Release|Any CPU
		{E0A41994-0E22-4D66-8224-E5F3E69084F9}.Debug|Any CPU.ActiveCfg = Debug|Any CPU
		{E0A41994-0E22-4D66-8224-E5F3E69084F9}.Debug|Any CPU.Build.0 = Debug|Any CPU
		{E0A41994-0E22-4D66-8224-E5F3E69084F9}.Debug|x64.ActiveCfg = Debug|Any CPU
		{E0A41994-0E22-4D66-8224-E5F3E69084F9}.Debug|x64.Build.0 = Debug|Any CPU
		{E0A41994-0E22-4D66-8224-E5F3E69084F9}.Debug|x86.ActiveCfg = Debug|Any CPU
		{E0A41994-0E22-4D66-8224-E5F3E69084F9}.Debug|x86.Build.0 = Debug|Any CPU
		{E0A41994-0E22-4D66-8224-E5F3E69084F9}.Release|Any CPU.ActiveCfg = Release|Any CPU
		{E0A41994-0E22-4D66-8224-E5F3E69084F9}.Release|Any CPU.Build.0 = Release|Any CPU
		{E0A41994-0E22-4D66-8224-E5F3E69084F9}.Release|x64.ActiveCfg = Release|Any CPU
		{E0A41994-0E22-4D66-8224-E5F3E69084F9}.Release|x64.Build.0 = Release|Any CPU
		{E0A41994-0E22-4D66-8224-E5F3E69084F9}.Release|x86.ActiveCfg = Release|Any CPU
		{E0A41994-0E22-4D66-8224-E5F3E69084F9}.Release|x86.Build.0 = Release|Any CPU
		{D5E5AA36-A2F2-4A6B-B8BF-85CC7222870E}.Debug|Any CPU.ActiveCfg = Debug|Any CPU
		{D5E5AA36-A2F2-4A6B-B8BF-85CC7222870E}.Debug|Any CPU.Build.0 = Debug|Any CPU
		{D5E5AA36-A2F2-4A6B-B8BF-85CC7222870E}.Debug|x64.ActiveCfg = Debug|Any CPU
		{D5E5AA36-A2F2-4A6B-B8BF-85CC7222870E}.Debug|x64.Build.0 = Debug|Any CPU
		{D5E5AA36-A2F2-4A6B-B8BF-85CC7222870E}.Debug|x86.ActiveCfg = Debug|Any CPU
		{D5E5AA36-A2F2-4A6B-B8BF-85CC7222870E}.Debug|x86.Build.0 = Debug|Any CPU
		{D5E5AA36-A2F2-4A6B-B8BF-85CC7222870E}.Release|Any CPU.ActiveCfg = Release|Any CPU
		{D5E5AA36-A2F2-4A6B-B8BF-85CC7222870E}.Release|Any CPU.Build.0 = Release|Any CPU
		{D5E5AA36-A2F2-4A6B-B8BF-85CC7222870E}.Release|x64.ActiveCfg = Release|Any CPU
		{D5E5AA36-A2F2-4A6B-B8BF-85CC7222870E}.Release|x64.Build.0 = Release|Any CPU
		{D5E5AA36-A2F2-4A6B-B8BF-85CC7222870E}.Release|x86.ActiveCfg = Release|Any CPU
		{D5E5AA36-A2F2-4A6B-B8BF-85CC7222870E}.Release|x86.Build.0 = Release|Any CPU
		{827BAC68-83F1-407B-BD8C-48A64292734C}.Debug|Any CPU.ActiveCfg = Debug|Any CPU
		{827BAC68-83F1-407B-BD8C-48A64292734C}.Debug|Any CPU.Build.0 = Debug|Any CPU
		{827BAC68-83F1-407B-BD8C-48A64292734C}.Debug|x64.ActiveCfg = Debug|Any CPU
		{827BAC68-83F1-407B-BD8C-48A64292734C}.Debug|x64.Build.0 = Debug|Any CPU
		{827BAC68-83F1-407B-BD8C-48A64292734C}.Debug|x86.ActiveCfg = Debug|Any CPU
		{827BAC68-83F1-407B-BD8C-48A64292734C}.Debug|x86.Build.0 = Debug|Any CPU
		{827BAC68-83F1-407B-BD8C-48A64292734C}.Release|Any CPU.ActiveCfg = Release|Any CPU
		{827BAC68-83F1-407B-BD8C-48A64292734C}.Release|Any CPU.Build.0 = Release|Any CPU
		{827BAC68-83F1-407B-BD8C-48A64292734C}.Release|x64.ActiveCfg = Release|Any CPU
		{827BAC68-83F1-407B-BD8C-48A64292734C}.Release|x64.Build.0 = Release|Any CPU
		{827BAC68-83F1-407B-BD8C-48A64292734C}.Release|x86.ActiveCfg = Release|Any CPU
		{827BAC68-83F1-407B-BD8C-48A64292734C}.Release|x86.Build.0 = Release|Any CPU
		{C4C2D067-F686-4018-B531-90963A1646E7}.Debug|Any CPU.ActiveCfg = Debug|Any CPU
		{C4C2D067-F686-4018-B531-90963A1646E7}.Debug|Any CPU.Build.0 = Debug|Any CPU
		{C4C2D067-F686-4018-B531-90963A1646E7}.Debug|x64.ActiveCfg = Debug|Any CPU
		{C4C2D067-F686-4018-B531-90963A1646E7}.Debug|x64.Build.0 = Debug|Any CPU
		{C4C2D067-F686-4018-B531-90963A1646E7}.Debug|x86.ActiveCfg = Debug|Any CPU
		{C4C2D067-F686-4018-B531-90963A1646E7}.Debug|x86.Build.0 = Debug|Any CPU
		{C4C2D067-F686-4018-B531-90963A1646E7}.Release|Any CPU.ActiveCfg = Release|Any CPU
		{C4C2D067-F686-4018-B531-90963A1646E7}.Release|Any CPU.Build.0 = Release|Any CPU
		{C4C2D067-F686-4018-B531-90963A1646E7}.Release|x64.ActiveCfg = Release|Any CPU
		{C4C2D067-F686-4018-B531-90963A1646E7}.Release|x64.Build.0 = Release|Any CPU
		{C4C2D067-F686-4018-B531-90963A1646E7}.Release|x86.ActiveCfg = Release|Any CPU
		{C4C2D067-F686-4018-B531-90963A1646E7}.Release|x86.Build.0 = Release|Any CPU
		{3277B7B9-56E6-471B-966A-4C05A115FBC8}.Debug|Any CPU.ActiveCfg = Debug|Any CPU
		{3277B7B9-56E6-471B-966A-4C05A115FBC8}.Debug|Any CPU.Build.0 = Debug|Any CPU
		{3277B7B9-56E6-471B-966A-4C05A115FBC8}.Debug|x64.ActiveCfg = Debug|Any CPU
		{3277B7B9-56E6-471B-966A-4C05A115FBC8}.Debug|x64.Build.0 = Debug|Any CPU
		{3277B7B9-56E6-471B-966A-4C05A115FBC8}.Debug|x86.ActiveCfg = Debug|Any CPU
		{3277B7B9-56E6-471B-966A-4C05A115FBC8}.Debug|x86.Build.0 = Debug|Any CPU
		{3277B7B9-56E6-471B-966A-4C05A115FBC8}.Release|Any CPU.ActiveCfg = Release|Any CPU
		{3277B7B9-56E6-471B-966A-4C05A115FBC8}.Release|Any CPU.Build.0 = Release|Any CPU
		{3277B7B9-56E6-471B-966A-4C05A115FBC8}.Release|x64.ActiveCfg = Release|Any CPU
		{3277B7B9-56E6-471B-966A-4C05A115FBC8}.Release|x64.Build.0 = Release|Any CPU
		{3277B7B9-56E6-471B-966A-4C05A115FBC8}.Release|x86.ActiveCfg = Release|Any CPU
		{3277B7B9-56E6-471B-966A-4C05A115FBC8}.Release|x86.Build.0 = Release|Any CPU
		{6368F937-735F-4FF6-8452-13F878CAD2C2}.Debug|Any CPU.ActiveCfg = Debug|Any CPU
		{6368F937-735F-4FF6-8452-13F878CAD2C2}.Debug|Any CPU.Build.0 = Debug|Any CPU
		{6368F937-735F-4FF6-8452-13F878CAD2C2}.Debug|x64.ActiveCfg = Debug|Any CPU
		{6368F937-735F-4FF6-8452-13F878CAD2C2}.Debug|x64.Build.0 = Debug|Any CPU
		{6368F937-735F-4FF6-8452-13F878CAD2C2}.Debug|x86.ActiveCfg = Debug|Any CPU
		{6368F937-735F-4FF6-8452-13F878CAD2C2}.Debug|x86.Build.0 = Debug|Any CPU
		{6368F937-735F-4FF6-8452-13F878CAD2C2}.Release|Any CPU.ActiveCfg = Release|Any CPU
		{6368F937-735F-4FF6-8452-13F878CAD2C2}.Release|Any CPU.Build.0 = Release|Any CPU
		{6368F937-735F-4FF6-8452-13F878CAD2C2}.Release|x64.ActiveCfg = Release|Any CPU
		{6368F937-735F-4FF6-8452-13F878CAD2C2}.Release|x64.Build.0 = Release|Any CPU
		{6368F937-735F-4FF6-8452-13F878CAD2C2}.Release|x86.ActiveCfg = Release|Any CPU
		{6368F937-735F-4FF6-8452-13F878CAD2C2}.Release|x86.Build.0 = Release|Any CPU
		{21E89BC5-9A9A-4C4A-B0E7-F8A8F74B3A85}.Debug|Any CPU.ActiveCfg = Debug|Any CPU
		{21E89BC5-9A9A-4C4A-B0E7-F8A8F74B3A85}.Debug|Any CPU.Build.0 = Debug|Any CPU
		{21E89BC5-9A9A-4C4A-B0E7-F8A8F74B3A85}.Debug|x64.ActiveCfg = Debug|Any CPU
		{21E89BC5-9A9A-4C4A-B0E7-F8A8F74B3A85}.Debug|x64.Build.0 = Debug|Any CPU
		{21E89BC5-9A9A-4C4A-B0E7-F8A8F74B3A85}.Debug|x86.ActiveCfg = Debug|Any CPU
		{21E89BC5-9A9A-4C4A-B0E7-F8A8F74B3A85}.Debug|x86.Build.0 = Debug|Any CPU
		{21E89BC5-9A9A-4C4A-B0E7-F8A8F74B3A85}.Release|Any CPU.ActiveCfg = Release|Any CPU
		{21E89BC5-9A9A-4C4A-B0E7-F8A8F74B3A85}.Release|Any CPU.Build.0 = Release|Any CPU
		{21E89BC5-9A9A-4C4A-B0E7-F8A8F74B3A85}.Release|x64.ActiveCfg = Release|Any CPU
		{21E89BC5-9A9A-4C4A-B0E7-F8A8F74B3A85}.Release|x64.Build.0 = Release|Any CPU
		{21E89BC5-9A9A-4C4A-B0E7-F8A8F74B3A85}.Release|x86.ActiveCfg = Release|Any CPU
		{21E89BC5-9A9A-4C4A-B0E7-F8A8F74B3A85}.Release|x86.Build.0 = Release|Any CPU
		{924F606D-71F1-45D8-9782-9839A02AA542}.Debug|Any CPU.ActiveCfg = Debug|Any CPU
		{924F606D-71F1-45D8-9782-9839A02AA542}.Debug|Any CPU.Build.0 = Debug|Any CPU
		{924F606D-71F1-45D8-9782-9839A02AA542}.Debug|x64.ActiveCfg = Debug|Any CPU
		{924F606D-71F1-45D8-9782-9839A02AA542}.Debug|x64.Build.0 = Debug|Any CPU
		{924F606D-71F1-45D8-9782-9839A02AA542}.Debug|x86.ActiveCfg = Debug|Any CPU
		{924F606D-71F1-45D8-9782-9839A02AA542}.Debug|x86.Build.0 = Debug|Any CPU
		{924F606D-71F1-45D8-9782-9839A02AA542}.Release|Any CPU.ActiveCfg = Release|Any CPU
		{924F606D-71F1-45D8-9782-9839A02AA542}.Release|Any CPU.Build.0 = Release|Any CPU
		{924F606D-71F1-45D8-9782-9839A02AA542}.Release|x64.ActiveCfg = Release|Any CPU
		{924F606D-71F1-45D8-9782-9839A02AA542}.Release|x64.Build.0 = Release|Any CPU
		{924F606D-71F1-45D8-9782-9839A02AA542}.Release|x86.ActiveCfg = Release|Any CPU
		{924F606D-71F1-45D8-9782-9839A02AA542}.Release|x86.Build.0 = Release|Any CPU
		{999BB745-1244-4C61-BAEA-ADB23CBE633D}.Debug|Any CPU.ActiveCfg = Debug|Any CPU
		{999BB745-1244-4C61-BAEA-ADB23CBE633D}.Debug|Any CPU.Build.0 = Debug|Any CPU
		{999BB745-1244-4C61-BAEA-ADB23CBE633D}.Debug|x64.ActiveCfg = Debug|Any CPU
		{999BB745-1244-4C61-BAEA-ADB23CBE633D}.Debug|x64.Build.0 = Debug|Any CPU
		{999BB745-1244-4C61-BAEA-ADB23CBE633D}.Debug|x86.ActiveCfg = Debug|Any CPU
		{999BB745-1244-4C61-BAEA-ADB23CBE633D}.Debug|x86.Build.0 = Debug|Any CPU
		{999BB745-1244-4C61-BAEA-ADB23CBE633D}.Release|Any CPU.ActiveCfg = Release|Any CPU
		{999BB745-1244-4C61-BAEA-ADB23CBE633D}.Release|Any CPU.Build.0 = Release|Any CPU
		{999BB745-1244-4C61-BAEA-ADB23CBE633D}.Release|x64.ActiveCfg = Release|Any CPU
		{999BB745-1244-4C61-BAEA-ADB23CBE633D}.Release|x64.Build.0 = Release|Any CPU
		{999BB745-1244-4C61-BAEA-ADB23CBE633D}.Release|x86.ActiveCfg = Release|Any CPU
		{999BB745-1244-4C61-BAEA-ADB23CBE633D}.Release|x86.Build.0 = Release|Any CPU
		{3C041FD8-D75C-498F-92E6-0816A662FB11}.Debug|Any CPU.ActiveCfg = Debug|Any CPU
		{3C041FD8-D75C-498F-92E6-0816A662FB11}.Debug|Any CPU.Build.0 = Debug|Any CPU
		{3C041FD8-D75C-498F-92E6-0816A662FB11}.Debug|x64.ActiveCfg = Debug|Any CPU
		{3C041FD8-D75C-498F-92E6-0816A662FB11}.Debug|x64.Build.0 = Debug|Any CPU
		{3C041FD8-D75C-498F-92E6-0816A662FB11}.Debug|x86.ActiveCfg = Debug|Any CPU
		{3C041FD8-D75C-498F-92E6-0816A662FB11}.Debug|x86.Build.0 = Debug|Any CPU
		{3C041FD8-D75C-498F-92E6-0816A662FB11}.Release|Any CPU.ActiveCfg = Release|Any CPU
		{3C041FD8-D75C-498F-92E6-0816A662FB11}.Release|Any CPU.Build.0 = Release|Any CPU
		{3C041FD8-D75C-498F-92E6-0816A662FB11}.Release|x64.ActiveCfg = Release|Any CPU
		{3C041FD8-D75C-498F-92E6-0816A662FB11}.Release|x64.Build.0 = Release|Any CPU
		{3C041FD8-D75C-498F-92E6-0816A662FB11}.Release|x86.ActiveCfg = Release|Any CPU
		{3C041FD8-D75C-498F-92E6-0816A662FB11}.Release|x86.Build.0 = Release|Any CPU
	EndGlobalSection
	GlobalSection(SolutionProperties) = preSolution
		HideSolutionNode = FALSE
	EndGlobalSection
	GlobalSection(NestedProjects) = preSolution
		{AE8A04EE-43D2-4E02-B949-99F7986F060E} = {0C88DD14-F956-CE84-757C-A364CCF449FC}
		{B9D8B64A-3D8F-4D92-B799-6D77C75F49F6} = {827E0CD3-B72D-47B6-A68D-7590B98EB39B}
		{6FB07EDC-7FBA-457F-B2BE-E99022855C92} = {827E0CD3-B72D-47B6-A68D-7590B98EB39B}
		{E0A41994-0E22-4D66-8224-E5F3E69084F9} = {827E0CD3-B72D-47B6-A68D-7590B98EB39B}
		{D5E5AA36-A2F2-4A6B-B8BF-85CC7222870E} = {827E0CD3-B72D-47B6-A68D-7590B98EB39B}
		{827BAC68-83F1-407B-BD8C-48A64292734C} = {827E0CD3-B72D-47B6-A68D-7590B98EB39B}
		{C4C2D067-F686-4018-B531-90963A1646E7} = {827E0CD3-B72D-47B6-A68D-7590B98EB39B}
		{3277B7B9-56E6-471B-966A-4C05A115FBC8} = {0C88DD14-F956-CE84-757C-A364CCF449FC}
		{6368F937-735F-4FF6-8452-13F878CAD2C2} = {0C88DD14-F956-CE84-757C-A364CCF449FC}
		{21E89BC5-9A9A-4C4A-B0E7-F8A8F74B3A85} = {0C88DD14-F956-CE84-757C-A364CCF449FC}
		{924F606D-71F1-45D8-9782-9839A02AA542} = {0C88DD14-F956-CE84-757C-A364CCF449FC}
		{999BB745-1244-4C61-BAEA-ADB23CBE633D} = {0C88DD14-F956-CE84-757C-A364CCF449FC}
		{3C041FD8-D75C-498F-92E6-0816A662FB11} = {0C88DD14-F956-CE84-757C-A364CCF449FC}
	EndGlobalSection
EndGlobal
